
Microsoft Visual Studio Solution File, Format Version 12.00
# Visual Studio Version 17
VisualStudioVersion = 17.5.33530.505
MinimumVisualStudioVersion = 10.0.40219.1
Project("{FAE04EC0-301F-11D3-BF4B-00C04F79EFBC}") = "simple_rest", "simple_rest\simple_rest.csproj", "{162432B8-85E0-4C7D-8E0E-5DC240FBC111}"
EndProject
Global
	GlobalSection(SolutionConfigurationPlatforms) = preSolution
		Debug|Any CPU = Debug|Any CPU
		Release|Any CPU = Release|Any CPU
	EndGlobalSection
	GlobalSection(ProjectConfigurationPlatforms) = postSolution
		{162432B8-85E0-4C7D-8E0E-5DC240FBC111}.Debug|Any CPU.ActiveCfg = Debug|Any CPU
		{162432B8-85E0-4C7D-8E0E-5DC240FBC111}.Debug|Any CPU.Build.0 = Debug|Any CPU
		{162432B8-85E0-4C7D-8E0E-5DC240FBC111}.Release|Any CPU.ActiveCfg = Release|Any CPU
		{162432B8-85E0-4C7D-8E0E-5DC240FBC111}.Release|Any CPU.Build.0 = Release|Any CPU
	EndGlobalSection
	GlobalSection(SolutionProperties) = preSolution
		HideSolutionNode = FALSE
	EndGlobalSection
	GlobalSection(ExtensibilityGlobals) = postSolution
		SolutionGuid = {11062AD6-2BDF-44E0-A8B3-733C3E891D69}
	EndGlobalSection
EndGlobal
